// !$*UTF8*$!
{
	archiveVersion = 1;
	classes = {
	};
	objectVersion = 50;
	objects = {

/* Begin PBXBuildFile section */
		847C3D9D2194127C002DAF98 /* AppDelegate.m in Sources */ = {isa = PBXBuildFile; fileRef = 847C3D9C2194127C002DAF98 /* AppDelegate.m */; };
		847C3DA02194127C002DAF98 /* ViewController.m in Sources */ = {isa = PBXBuildFile; fileRef = 847C3D9F2194127C002DAF98 /* ViewController.m */; };
		847C3DA32194127D002DAF98 /* Main.storyboard in Resources */ = {isa = PBXBuildFile; fileRef = 847C3DA12194127D002DAF98 /* Main.storyboard */; };
		847C3DA521941280002DAF98 /* Assets.xcassets in Resources */ = {isa = PBXBuildFile; fileRef = 847C3DA421941280002DAF98 /* Assets.xcassets */; };
		847C3DA821941280002DAF98 /* LaunchScreen.storyboard in Resources */ = {isa = PBXBuildFile; fileRef = 847C3DA621941280002DAF98 /* LaunchScreen.storyboard */; };
		847C3DAB21941280002DAF98 /* main.m in Sources */ = {isa = PBXBuildFile; fileRef = 847C3DAA21941280002DAF98 /* main.m */; };
		847C3DB521941281002DAF98 /* WXWLaunchAdvertisedAddTests.m in Sources */ = {isa = PBXBuildFile; fileRef = 847C3DB421941281002DAF98 /* WXWLaunchAdvertisedAddTests.m */; };
		847C3DC021941281002DAF98 /* WXWLaunchAdvertisedAddUITests.m in Sources */ = {isa = PBXBuildFile; fileRef = 847C3DBF21941281002DAF98 /* WXWLaunchAdvertisedAddUITests.m */; };
		847C3DD02194134D002DAF98 /* WXWLaunchAdvertiseView.m in Sources */ = {isa = PBXBuildFile; fileRef = 847C3DCF2194134D002DAF98 /* WXWLaunchAdvertiseView.m */; };
		847C3DD6219414CE002DAF98 /* NSObject+WXWLaunchAdvertisement.m in Sources */ = {isa = PBXBuildFile; fileRef = 847C3DD5219414CE002DAF98 /* NSObject+WXWLaunchAdvertisement.m */; };
		847C3DD921941CBA002DAF98 /* TestViewController.m in Sources */ = {isa = PBXBuildFile; fileRef = 847C3DD821941CBA002DAF98 /* TestViewController.m */; };
		847C3DDB21942219002DAF98 /* qidong.gif in Resources */ = {isa = PBXBuildFile; fileRef = 847C3DDA21942219002DAF98 /* qidong.gif */; };
		F99FB7788A06C721E7F16D8D /* Pods_WXWLaunchAdvertisedAdd.framework in Frameworks */ = {isa = PBXBuildFile; fileRef = 84314749EDD63CE30141E366 /* Pods_WXWLaunchAdvertisedAdd.framework */; };
/* End PBXBuildFile section */

/* Begin PBXContainerItemProxy section */
		847C3DB121941281002DAF98 /* PBXContainerItemProxy */ = {
			isa = PBXContainerItemProxy;
			containerPortal = 847C3D902194127C002DAF98 /* Project object */;
			proxyType = 1;
			remoteGlobalIDString = 847C3D972194127C002DAF98;
			remoteInfo = WXWLaunchAdvertisedAdd;
		};
		847C3DBC21941281002DAF98 /* PBXContainerItemProxy */ = {
			isa = PBXContainerItemProxy;
			containerPortal = 847C3D902194127C002DAF98 /* Project object */;
			proxyType = 1;
			remoteGlobalIDString = 847C3D972194127C002DAF98;
			remoteInfo = WXWLaunchAdvertisedAdd;
		};
/* End PBXContainerItemProxy section */

/* Begin PBXFileReference section */
		32F4298F756712DE4E8190B7 /* Pods-WXWLaunchAdvertisedAdd.debug.xcconfig */ = {isa = PBXFileReference; includeInIndex = 1; lastKnownFileType = text.xcconfig; name = "Pods-WXWLaunchAdvertisedAdd.debug.xcconfig"; path = "Pods/Target Support Files/Pods-WXWLaunchAdvertisedAdd/Pods-WXWLaunchAdvertisedAdd.debug.xcconfig"; sourceTree = "<group>"; };
		84314749EDD63CE30141E366 /* Pods_WXWLaunchAdvertisedAdd.framework */ = {isa = PBXFileReference; explicitFileType = wrapper.framework; includeInIndex = 0; path = Pods_WXWLaunchAdvertisedAdd.framework; sourceTree = BUILT_PRODUCTS_DIR; };
		847C3D982194127C002DAF98 /* WXWLaunchAdvertisedAdd.app */ = {isa = PBXFileReference; explicitFileType = wrapper.application; includeInIndex = 0; path = WXWLaunchAdvertisedAdd.app; sourceTree = BUILT_PRODUCTS_DIR; };
		847C3D9B2194127C002DAF98 /* AppDelegate.h */ = {isa = PBXFileReference; lastKnownFileType = sourcecode.c.h; path = AppDelegate.h; sourceTree = "<group>"; };
		847C3D9C2194127C002DAF98 /* AppDelegate.m */ = {isa = PBXFileReference; lastKnownFileType = sourcecode.c.objc; path = AppDelegate.m; sourceTree = "<group>"; };
		847C3D9E2194127C002DAF98 /* ViewController.h */ = {isa = PBXFileReference; lastKnownFileType = sourcecode.c.h; path = ViewController.h; sourceTree = "<group>"; };
		847C3D9F2194127C002DAF98 /* ViewController.m */ = {isa = PBXFileReference; lastKnownFileType = sourcecode.c.objc; path = ViewController.m; sourceTree = "<group>"; };
		847C3DA22194127D002DAF98 /* Base */ = {isa = PBXFileReference; lastKnownFileType = file.storyboard; name = Base; path = Base.lproj/Main.storyboard; sourceTree = "<group>"; };
		847C3DA421941280002DAF98 /* Assets.xcassets */ = {isa = PBXFileReference; lastKnownFileType = folder.assetcatalog; path = Assets.xcassets; sourceTree = "<group>"; };
		847C3DA721941280002DAF98 /* Base */ = {isa = PBXFileReference; lastKnownFileType = file.storyboard; name = Base; path = Base.lproj/LaunchScreen.storyboard; sourceTree = "<group>"; };
		847C3DA921941280002DAF98 /* Info.plist */ = {isa = PBXFileReference; lastKnownFileType = text.plist.xml; path = Info.plist; sourceTree = "<group>"; };
		847C3DAA21941280002DAF98 /* main.m */ = {isa = PBXFileReference; lastKnownFileType = sourcecode.c.objc; path = main.m; sourceTree = "<group>"; };
		847C3DB021941281002DAF98 /* WXWLaunchAdvertisedAddTests.xctest */ = {isa = PBXFileReference; explicitFileType = wrapper.cfbundle; includeInIndex = 0; path = WXWLaunchAdvertisedAddTests.xctest; sourceTree = BUILT_PRODUCTS_DIR; };
		847C3DB421941281002DAF98 /* WXWLaunchAdvertisedAddTests.m */ = {isa = PBXFileReference; lastKnownFileType = sourcecode.c.objc; path = WXWLaunchAdvertisedAddTests.m; sourceTree = "<group>"; };
		847C3DB621941281002DAF98 /* Info.plist */ = {isa = PBXFileReference; lastKnownFileType = text.plist.xml; path = Info.plist; sourceTree = "<group>"; };
		847C3DBB21941281002DAF98 /* WXWLaunchAdvertisedAddUITests.xctest */ = {isa = PBXFileReference; explicitFileType = wrapper.cfbundle; includeInIndex = 0; path = WXWLaunchAdvertisedAddUITests.xctest; sourceTree = BUILT_PRODUCTS_DIR; };
		847C3DBF21941281002DAF98 /* WXWLaunchAdvertisedAddUITests.m */ = {isa = PBXFileReference; lastKnownFileType = sourcecode.c.objc; path = WXWLaunchAdvertisedAddUITests.m; sourceTree = "<group>"; };
		847C3DC121941281002DAF98 /* Info.plist */ = {isa = PBXFileReference; lastKnownFileType = text.plist.xml; path = Info.plist; sourceTree = "<group>"; };
		847C3DCE2194134D002DAF98 /* WXWLaunchAdvertiseView.h */ = {isa = PBXFileReference; lastKnownFileType = sourcecode.c.h; path = WXWLaunchAdvertiseView.h; sourceTree = "<group>"; };
		847C3DCF2194134D002DAF98 /* WXWLaunchAdvertiseView.m */ = {isa = PBXFileReference; lastKnownFileType = sourcecode.c.objc; path = WXWLaunchAdvertiseView.m; sourceTree = "<group>"; };
		847C3DD4219414CE002DAF98 /* NSObject+WXWLaunchAdvertisement.h */ = {isa = PBXFileReference; lastKnownFileType = sourcecode.c.h; path = "NSObject+WXWLaunchAdvertisement.h"; sourceTree = "<group>"; };
		847C3DD5219414CE002DAF98 /* NSObject+WXWLaunchAdvertisement.m */ = {isa = PBXFileReference; lastKnownFileType = sourcecode.c.objc; path = "NSObject+WXWLaunchAdvertisement.m"; sourceTree = "<group>"; };
		847C3DD721941CBA002DAF98 /* TestViewController.h */ = {isa = PBXFileReference; lastKnownFileType = sourcecode.c.h; path = TestViewController.h; sourceTree = "<group>"; };
		847C3DD821941CBA002DAF98 /* TestViewController.m */ = {isa = PBXFileReference; lastKnownFileType = sourcecode.c.objc; path = TestViewController.m; sourceTree = "<group>"; };
		847C3DDA21942219002DAF98 /* qidong.gif */ = {isa = PBXFileReference; lastKnownFileType = image.gif; path = qidong.gif; sourceTree = "<group>"; };
		8A96168B07DDED06DBB6F88C /* Pods-WXWLaunchAdvertisedAdd.release.xcconfig */ = {isa = PBXFileReference; includeInIndex = 1; lastKnownFileType = text.xcconfig; name = "Pods-WXWLaunchAdvertisedAdd.release.xcconfig"; path = "Pods/Target Support Files/Pods-WXWLaunchAdvertisedAdd/Pods-WXWLaunchAdvertisedAdd.release.xcconfig"; sourceTree = "<group>"; };
/* End PBXFileReference section */

/* Begin PBXFrameworksBuildPhase section */
		847C3D952194127C002DAF98 /* Frameworks */ = {
			isa = PBXFrameworksBuildPhase;
			buildActionMask = 2147483647;
			files = (
				F99FB7788A06C721E7F16D8D /* Pods_WXWLaunchAdvertisedAdd.framework in Frameworks */,
			);
			runOnlyForDeploymentPostprocessing = 0;
		};
		847C3DAD21941281002DAF98 /* Frameworks */ = {
			isa = PBXFrameworksBuildPhase;
			buildActionMask = 2147483647;
			files = (
			);
			runOnlyForDeploymentPostprocessing = 0;
		};
		847C3DB821941281002DAF98 /* Frameworks */ = {
			isa = PBXFrameworksBuildPhase;
			buildActionMask = 2147483647;
			files = (
			);
			runOnlyForDeploymentPostprocessing = 0;
		};
/* End PBXFrameworksBuildPhase section */

/* Begin PBXGroup section */
		24FD3CC0F687448D1113E387 /* Frameworks */ = {
			isa = PBXGroup;
			children = (
				84314749EDD63CE30141E366 /* Pods_WXWLaunchAdvertisedAdd.framework */,
			);
			name = Frameworks;
			sourceTree = "<group>";
		};
		847C3D8F2194127C002DAF98 = {
			isa = PBXGroup;
			children = (
				847C3DDA21942219002DAF98 /* qidong.gif */,
				847C3D9A2194127C002DAF98 /* WXWLaunchAdvertisedAdd */,
				847C3DB321941281002DAF98 /* WXWLaunchAdvertisedAddTests */,
				847C3DBE21941281002DAF98 /* WXWLaunchAdvertisedAddUITests */,
				847C3D992194127C002DAF98 /* Products */,
				B005E7299DE981AEBF688225 /* Pods */,
				24FD3CC0F687448D1113E387 /* Frameworks */,
			);
			sourceTree = "<group>";
		};
		847C3D992194127C002DAF98 /* Products */ = {
			isa = PBXGroup;
			children = (
				847C3D982194127C002DAF98 /* WXWLaunchAdvertisedAdd.app */,
				847C3DB021941281002DAF98 /* WXWLaunchAdvertisedAddTests.xctest */,
				847C3DBB21941281002DAF98 /* WXWLaunchAdvertisedAddUITests.xctest */,
			);
			name = Products;
			sourceTree = "<group>";
		};
		847C3D9A2194127C002DAF98 /* WXWLaunchAdvertisedAdd */ = {
			isa = PBXGroup;
			children = (
				847C3DCD219412BD002DAF98 /* WXWLaunchAdvertisedAdd */,
				847C3D9B2194127C002DAF98 /* AppDelegate.h */,
				847C3D9C2194127C002DAF98 /* AppDelegate.m */,
				847C3D9E2194127C002DAF98 /* ViewController.h */,
				847C3D9F2194127C002DAF98 /* ViewController.m */,
				847C3DD721941CBA002DAF98 /* TestViewController.h */,
				847C3DD821941CBA002DAF98 /* TestViewController.m */,
				847C3DA12194127D002DAF98 /* Main.storyboard */,
				847C3DA421941280002DAF98 /* Assets.xcassets */,
				847C3DA621941280002DAF98 /* LaunchScreen.storyboard */,
				847C3DA921941280002DAF98 /* Info.plist */,
				847C3DAA21941280002DAF98 /* main.m */,
			);
			path = WXWLaunchAdvertisedAdd;
			sourceTree = "<group>";
		};
		847C3DB321941281002DAF98 /* WXWLaunchAdvertisedAddTests */ = {
			isa = PBXGroup;
			children = (
				847C3DB421941281002DAF98 /* WXWLaunchAdvertisedAddTests.m */,
				847C3DB621941281002DAF98 /* Info.plist */,
			);
			path = WXWLaunchAdvertisedAddTests;
			sourceTree = "<group>";
		};
		847C3DBE21941281002DAF98 /* WXWLaunchAdvertisedAddUITests */ = {
			isa = PBXGroup;
			children = (
				847C3DBF21941281002DAF98 /* WXWLaunchAdvertisedAddUITests.m */,
				847C3DC121941281002DAF98 /* Info.plist */,
			);
			path = WXWLaunchAdvertisedAddUITests;
			sourceTree = "<group>";
		};
		847C3DCD219412BD002DAF98 /* WXWLaunchAdvertisedAdd */ = {
			isa = PBXGroup;
			children = (
				847C3DCE2194134D002DAF98 /* WXWLaunchAdvertiseView.h */,
				847C3DCF2194134D002DAF98 /* WXWLaunchAdvertiseView.m */,
				847C3DD4219414CE002DAF98 /* NSObject+WXWLaunchAdvertisement.h */,
				847C3DD5219414CE002DAF98 /* NSObject+WXWLaunchAdvertisement.m */,
			);
			path = WXWLaunchAdvertisedAdd;
			sourceTree = "<group>";
		};
		B005E7299DE981AEBF688225 /* Pods */ = {
			isa = PBXGroup;
			children = (
				32F4298F756712DE4E8190B7 /* Pods-WXWLaunchAdvertisedAdd.debug.xcconfig */,
				8A96168B07DDED06DBB6F88C /* Pods-WXWLaunchAdvertisedAdd.release.xcconfig */,
			);
			name = Pods;
			sourceTree = "<group>";
		};
/* End PBXGroup section */

/* Begin PBXNativeTarget section */
		847C3D972194127C002DAF98 /* WXWLaunchAdvertisedAdd */ = {
			isa = PBXNativeTarget;
			buildConfigurationList = 847C3DC421941281002DAF98 /* Build configuration list for PBXNativeTarget "WXWLaunchAdvertisedAdd" */;
			buildPhases = (
				0C5779D7EB0B0039FFA3C25A /* [CP] Check Pods Manifest.lock */,
				847C3D942194127C002DAF98 /* Sources */,
				847C3D952194127C002DAF98 /* Frameworks */,
				847C3D962194127C002DAF98 /* Resources */,
				CC588933CECB7F9F079B917B /* [CP] Embed Pods Frameworks */,
			);
			buildRules = (
			);
			dependencies = (
			);
			name = WXWLaunchAdvertisedAdd;
			productName = WXWLaunchAdvertisedAdd;
			productReference = 847C3D982194127C002DAF98 /* WXWLaunchAdvertisedAdd.app */;
			productType = "com.apple.product-type.application";
		};
		847C3DAF21941281002DAF98 /* WXWLaunchAdvertisedAddTests */ = {
			isa = PBXNativeTarget;
			buildConfigurationList = 847C3DC721941281002DAF98 /* Build configuration list for PBXNativeTarget "WXWLaunchAdvertisedAddTests" */;
			buildPhases = (
				847C3DAC21941281002DAF98 /* Sources */,
				847C3DAD21941281002DAF98 /* Frameworks */,
				847C3DAE21941281002DAF98 /* Resources */,
			);
			buildRules = (
			);
			dependencies = (
				847C3DB221941281002DAF98 /* PBXTargetDependency */,
			);
			name = WXWLaunchAdvertisedAddTests;
			productName = WXWLaunchAdvertisedAddTests;
			productReference = 847C3DB021941281002DAF98 /* WXWLaunchAdvertisedAddTests.xctest */;
			productType = "com.apple.product-type.bundle.unit-test";
		};
		847C3DBA21941281002DAF98 /* WXWLaunchAdvertisedAddUITests */ = {
			isa = PBXNativeTarget;
			buildConfigurationList = 847C3DCA21941281002DAF98 /* Build configuration list for PBXNativeTarget "WXWLaunchAdvertisedAddUITests" */;
			buildPhases = (
				847C3DB721941281002DAF98 /* Sources */,
				847C3DB821941281002DAF98 /* Frameworks */,
				847C3DB921941281002DAF98 /* Resources */,
			);
			buildRules = (
			);
			dependencies = (
				847C3DBD21941281002DAF98 /* PBXTargetDependency */,
			);
			name = WXWLaunchAdvertisedAddUITests;
			productName = WXWLaunchAdvertisedAddUITests;
			productReference = 847C3DBB21941281002DAF98 /* WXWLaunchAdvertisedAddUITests.xctest */;
			productType = "com.apple.product-type.bundle.ui-testing";
		};
/* End PBXNativeTarget section */

/* Begin PBXProject section */
		847C3D902194127C002DAF98 /* Project object */ = {
			isa = PBXProject;
			attributes = {
				LastUpgradeCheck = 1010;
				ORGANIZATIONNAME = xuewen.wang;
				TargetAttributes = {
					847C3D972194127C002DAF98 = {
						CreatedOnToolsVersion = 10.1;
					};
					847C3DAF21941281002DAF98 = {
						CreatedOnToolsVersion = 10.1;
						TestTargetID = 847C3D972194127C002DAF98;
					};
					847C3DBA21941281002DAF98 = {
						CreatedOnToolsVersion = 10.1;
						TestTargetID = 847C3D972194127C002DAF98;
					};
				};
			};
			buildConfigurationList = 847C3D932194127C002DAF98 /* Build configuration list for PBXProject "WXWLaunchAdvertisedAdd" */;
			compatibilityVersion = "Xcode 9.3";
			developmentRegion = en;
			hasScannedForEncodings = 0;
			knownRegions = (
				en,
				Base,
			);
			mainGroup = 847C3D8F2194127C002DAF98;
			productRefGroup = 847C3D992194127C002DAF98 /* Products */;
			projectDirPath = "";
			projectRoot = "";
			targets = (
				847C3D972194127C002DAF98 /* WXWLaunchAdvertisedAdd */,
				847C3DAF21941281002DAF98 /* WXWLaunchAdvertisedAddTests */,
				847C3DBA21941281002DAF98 /* WXWLaunchAdvertisedAddUITests */,
			);
		};
/* End PBXProject section */

/* Begin PBXResourcesBuildPhase section */
		847C3D962194127C002DAF98 /* Resources */ = {
			isa = PBXResourcesBuildPhase;
			buildActionMask = 2147483647;
			files = (
				847C3DDB21942219002DAF98 /* qidong.gif in Resources */,
				847C3DA821941280002DAF98 /* LaunchScreen.storyboard in Resources */,
				847C3DA521941280002DAF98 /* Assets.xcassets in Resources */,
				847C3DA32194127D002DAF98 /* Main.storyboard in Resources */,
			);
			runOnlyForDeploymentPostprocessing = 0;
		};
		847C3DAE21941281002DAF98 /* Resources */ = {
			isa = PBXResourcesBuildPhase;
			buildActionMask = 2147483647;
			files = (
			);
			runOnlyForDeploymentPostprocessing = 0;
		};
		847C3DB921941281002DAF98 /* Resources */ = {
			isa = PBXResourcesBuildPhase;
			buildActionMask = 2147483647;
			files = (
			);
			runOnlyForDeploymentPostprocessing = 0;
		};
/* End PBXResourcesBuildPhase section */

/* Begin PBXShellScriptBuildPhase section */
		0C5779D7EB0B0039FFA3C25A /* [CP] Check Pods Manifest.lock */ = {
			isa = PBXShellScriptBuildPhase;
			buildActionMask = 2147483647;
			files = (
			);
			inputPaths = (
				"${PODS_PODFILE_DIR_PATH}/Podfile.lock",
				"${PODS_ROOT}/Manifest.lock",
			);
			name = "[CP] Check Pods Manifest.lock";
			outputPaths = (
				"$(DERIVED_FILE_DIR)/Pods-WXWLaunchAdvertisedAdd-checkManifestLockResult.txt",
			);
			runOnlyForDeploymentPostprocessing = 0;
			shellPath = /bin/sh;
			shellScript = "diff \"${PODS_PODFILE_DIR_PATH}/Podfile.lock\" \"${PODS_ROOT}/Manifest.lock\" > /dev/null\nif [ $? != 0 ] ; then\n    # print error to STDERR\n    echo \"error: The sandbox is not in sync with the Podfile.lock. Run 'pod install' or update your CocoaPods installation.\" >&2\n    exit 1\nfi\n# This output is used by Xcode 'outputs' to avoid re-running this script phase.\necho \"SUCCESS\" > \"${SCRIPT_OUTPUT_FILE_0}\"\n";
			showEnvVarsInLog = 0;
		};
		CC588933CECB7F9F079B917B /* [CP] Embed Pods Frameworks */ = {
			isa = PBXShellScriptBuildPhase;
			buildActionMask = 2147483647;
			files = (
			);
			inputPaths = (
				"${SRCROOT}/Pods/Target Support Files/Pods-WXWLaunchAdvertisedAdd/Pods-WXWLaunchAdvertisedAdd-frameworks.sh",
				"${BUILT_PRODUCTS_DIR}/FLAnimatedImage/FLAnimatedImage.framework",
				"${BUILT_PRODUCTS_DIR}/Masonry/Masonry.framework",
				"${BUILT_PRODUCTS_DIR}/SDWebImage/SDWebImage.framework",
			);
			name = "[CP] Embed Pods Frameworks";
			outputPaths = (
				"${TARGET_BUILD_DIR}/${FRAMEWORKS_FOLDER_PATH}/FLAnimatedImage.framework",
				"${TARGET_BUILD_DIR}/${FRAMEWORKS_FOLDER_PATH}/Masonry.framework",
				"${TARGET_BUILD_DIR}/${FRAMEWORKS_FOLDER_PATH}/SDWebImage.framework",
			);
			runOnlyForDeploymentPostprocessing = 0;
			shellPath = /bin/sh;
			shellScript = "\"${SRCROOT}/Pods/Target Support Files/Pods-WXWLaunchAdvertisedAdd/Pods-WXWLaunchAdvertisedAdd-frameworks.sh\"\n";
			showEnvVarsInLog = 0;
		};
/* End PBXShellScriptBuildPhase section */

/* Begin PBXSourcesBuildPhase section */
		847C3D942194127C002DAF98 /* Sources */ = {
			isa = PBXSourcesBuildPhase;
			buildActionMask = 2147483647;
			files = (
				847C3DD921941CBA002DAF98 /* TestViewController.m in Sources */,
				847C3DA02194127C002DAF98 /* ViewController.m in Sources */,
				847C3DD6219414CE002DAF98 /* NSObject+WXWLaunchAdvertisement.m in Sources */,
				847C3DAB21941280002DAF98 /* main.m in Sources */,
				847C3DD02194134D002DAF98 /* WXWLaunchAdvertiseView.m in Sources */,
				847C3D9D2194127C002DAF98 /* AppDelegate.m in Sources */,
			);
			runOnlyForDeploymentPostprocessing = 0;
		};
		847C3DAC21941281002DAF98 /* Sources */ = {
			isa = PBXSourcesBuildPhase;
			buildActionMask = 2147483647;
			files = (
				847C3DB521941281002DAF98 /* WXWLaunchAdvertisedAddTests.m in Sources */,
			);
			runOnlyForDeploymentPostprocessing = 0;
		};
		847C3DB721941281002DAF98 /* Sources */ = {
			isa = PBXSourcesBuildPhase;
			buildActionMask = 2147483647;
			files = (
				847C3DC021941281002DAF98 /* WXWLaunchAdvertisedAddUITests.m in Sources */,
			);
			runOnlyForDeploymentPostprocessing = 0;
		};
/* End PBXSourcesBuildPhase section */

/* Begin PBXTargetDependency section */
		847C3DB221941281002DAF98 /* PBXTargetDependency */ = {
			isa = PBXTargetDependency;
			target = 847C3D972194127C002DAF98 /* WXWLaunchAdvertisedAdd */;
			targetProxy = 847C3DB121941281002DAF98 /* PBXContainerItemProxy */;
		};
		847C3DBD21941281002DAF98 /* PBXTargetDependency */ = {
			isa = PBXTargetDependency;
			target = 847C3D972194127C002DAF98 /* WXWLaunchAdvertisedAdd */;
			targetProxy = 847C3DBC21941281002DAF98 /* PBXContainerItemProxy */;
		};
/* End PBXTargetDependency section */

/* Begin PBXVariantGroup section */
		847C3DA12194127D002DAF98 /* Main.storyboard */ = {
			isa = PBXVariantGroup;
			children = (
				847C3DA22194127D002DAF98 /* Base */,
			);
			name = Main.storyboard;
			sourceTree = "<group>";
		};
		847C3DA621941280002DAF98 /* LaunchScreen.storyboard */ = {
			isa = PBXVariantGroup;
			children = (
				847C3DA721941280002DAF98 /* Base */,
			);
			name = LaunchScreen.storyboard;
			sourceTree = "<group>";
		};
/* End PBXVariantGroup section */

/* Begin XCBuildConfiguration section */
		847C3DC221941281002DAF98 /* Debug */ = {
			isa = XCBuildConfiguration;
			buildSettings = {
				ALWAYS_SEARCH_USER_PATHS = NO;
				CLANG_ANALYZER_NONNULL = YES;
				CLANG_ANALYZER_NUMBER_OBJECT_CONVERSION = YES_AGGRESSIVE;
				CLANG_CXX_LANGUAGE_STANDARD = "gnu++14";
				CLANG_CXX_LIBRARY = "libc++";
				CLANG_ENABLE_MODULES = YES;
				CLANG_ENABLE_OBJC_ARC = YES;
				CLANG_ENABLE_OBJC_WEAK = YES;
				CLANG_WARN_BLOCK_CAPTURE_AUTORELEASING = YES;
				CLANG_WARN_BOOL_CONVERSION = YES;
				CLANG_WARN_COMMA = YES;
				CLANG_WARN_CONSTANT_CONVERSION = YES;
				CLANG_WARN_DEPRECATED_OBJC_IMPLEMENTATIONS = YES;
				CLANG_WARN_DIRECT_OBJC_ISA_USAGE = YES_ERROR;
				CLANG_WARN_DOCUMENTATION_COMMENTS = YES;
				CLANG_WARN_EMPTY_BODY = YES;
				CLANG_WARN_ENUM_CONVERSION = YES;
				CLANG_WARN_INFINITE_RECURSION = YES;
				CLANG_WARN_INT_CONVERSION = YES;
				CLANG_WARN_NON_LITERAL_NULL_CONVERSION = YES;
				CLANG_WARN_OBJC_IMPLICIT_RETAIN_SELF = YES;
				CLANG_WARN_OBJC_LITERAL_CONVERSION = YES;
				CLANG_WARN_OBJC_ROOT_CLASS = YES_ERROR;
				CLANG_WARN_RANGE_LOOP_ANALYSIS = YES;
				CLANG_WARN_STRICT_PROTOTYPES = YES;
				CLANG_WARN_SUSPICIOUS_MOVE = YES;
				CLANG_WARN_UNGUARDED_AVAILABILITY = YES_AGGRESSIVE;
				CLANG_WARN_UNREACHABLE_CODE = YES;
				CLANG_WARN__DUPLICATE_METHOD_MATCH = YES;
				CODE_SIGN_IDENTITY = "iPhone Developer";
				COPY_PHASE_STRIP = NO;
				DEBUG_INFORMATION_FORMAT = dwarf;
				ENABLE_STRICT_OBJC_MSGSEND = YES;
				ENABLE_TESTABILITY = YES;
				GCC_C_LANGUAGE_STANDARD = gnu11;
				GCC_DYNAMIC_NO_PIC = NO;
				GCC_NO_COMMON_BLOCKS = YES;
				GCC_OPTIMIZATION_LEVEL = 0;
				GCC_PREPROCESSOR_DEFINITIONS = (
					"DEBUG=1",
					"$(inherited)",
				);
				GCC_WARN_64_TO_32_BIT_CONVERSION = YES;
				GCC_WARN_ABOUT_RETURN_TYPE = YES_ERROR;
				GCC_WARN_UNDECLARED_SELECTOR = YES;
				GCC_WARN_UNINITIALIZED_AUTOS = YES_AGGRESSIVE;
				GCC_WARN_UNUSED_FUNCTION = YES;
				GCC_WARN_UNUSED_VARIABLE = YES;
				IPHONEOS_DEPLOYMENT_TARGET = 12.1;
				MTL_ENABLE_DEBUG_INFO = INCLUDE_SOURCE;
				MTL_FAST_MATH = YES;
				ONLY_ACTIVE_ARCH = YES;
				SDKROOT = iphoneos;
			};
			name = Debug;
		};
		847C3DC321941281002DAF98 /* Release */ = {
			isa = XCBuildConfiguration;
			buildSettings = {
				ALWAYS_SEARCH_USER_PATHS = NO;
				CLANG_ANALYZER_NONNULL = YES;
				CLANG_ANALYZER_NUMBER_OBJECT_CONVERSION = YES_AGGRESSIVE;
				CLANG_CXX_LANGUAGE_STANDARD = "gnu++14";
				CLANG_CXX_LIBRARY = "libc++";
				CLANG_ENABLE_MODULES = YES;
				CLANG_ENABLE_OBJC_ARC = YES;
				CLANG_ENABLE_OBJC_WEAK = YES;
				CLANG_WARN_BLOCK_CAPTURE_AUTORELEASING = YES;
				CLANG_WARN_BOOL_CONVERSION = YES;
				CLANG_WARN_COMMA = YES;
				CLANG_WARN_CONSTANT_CONVERSION = YES;
				CLANG_WARN_DEPRECATED_OBJC_IMPLEMENTATIONS = YES;
				CLANG_WARN_DIRECT_OBJC_ISA_USAGE = YES_ERROR;
				CLANG_WARN_DOCUMENTATION_COMMENTS = YES;
				CLANG_WARN_EMPTY_BODY = YES;
				CLANG_WARN_ENUM_CONVERSION = YES;
				CLANG_WARN_INFINITE_RECURSION = YES;
				CLANG_WARN_INT_CONVERSION = YES;
				CLANG_WARN_NON_LITERAL_NULL_CONVERSION = YES;
				CLANG_WARN_OBJC_IMPLICIT_RETAIN_SELF = YES;
				CLANG_WARN_OBJC_LITERAL_CONVERSION = YES;
				CLANG_WARN_OBJC_ROOT_CLASS = YES_ERROR;
				CLANG_WARN_RANGE_LOOP_ANALYSIS = YES;
				CLANG_WARN_STRICT_PROTOTYPES = YES;
				CLANG_WARN_SUSPICIOUS_MOVE = YES;
				CLANG_WARN_UNGUARDED_AVAILABILITY = YES_AGGRESSIVE;
				CLANG_WARN_UNREACHABLE_CODE = YES;
				CLANG_WARN__DUPLICATE_METHOD_MATCH = YES;
				CODE_SIGN_IDENTITY = "iPhone Developer";
				COPY_PHASE_STRIP = NO;
				DEBUG_INFORMATION_FORMAT = "dwarf-with-dsym";
				ENABLE_NS_ASSERTIONS = NO;
				ENABLE_STRICT_OBJC_MSGSEND = YES;
				GCC_C_LANGUAGE_STANDARD = gnu11;
				GCC_NO_COMMON_BLOCKS = YES;
				GCC_WARN_64_TO_32_BIT_CONVERSION = YES;
				GCC_WARN_ABOUT_RETURN_TYPE = YES_ERROR;
				GCC_WARN_UNDECLARED_SELECTOR = YES;
				GCC_WARN_UNINITIALIZED_AUTOS = YES_AGGRESSIVE;
				GCC_WARN_UNUSED_FUNCTION = YES;
				GCC_WARN_UNUSED_VARIABLE = YES;
				IPHONEOS_DEPLOYMENT_TARGET = 12.1;
				MTL_ENABLE_DEBUG_INFO = NO;
				MTL_FAST_MATH = YES;
				SDKROOT = iphoneos;
				VALIDATE_PRODUCT = YES;
			};
			name = Release;
		};
		847C3DC521941281002DAF98 /* Debug */ = {
			isa = XCBuildConfiguration;
			baseConfigurationReference = 32F4298F756712DE4E8190B7 /* Pods-WXWLaunchAdvertisedAdd.debug.xcconfig */;
			buildSettings = {
				ASSETCATALOG_COMPILER_APPICON_NAME = AppIcon;
				ASSETCATALOG_COMPILER_LAUNCHIMAGE_NAME = LaunchImage;
				CODE_SIGN_STYLE = Automatic;
				DEVELOPMENT_TEAM = Q7AEAPEXBN;
				INFOPLIST_FILE = WXWLaunchAdvertisedAdd/Info.plist;
				IPHONEOS_DEPLOYMENT_TARGET = 9.0;
				LD_RUNPATH_SEARCH_PATHS = (
					"$(inherited)",
					"@executable_path/Frameworks",
				);
				PRODUCT_BUNDLE_IDENTIFIER = com.wxw.LaunchAdvertiseAdd.WXWLaunchAdvertisedAdd;
				PRODUCT_NAME = "$(TARGET_NAME)";
				TARGETED_DEVICE_FAMILY = 1;
			};
			name = Debug;
		};
		847C3DC621941281002DAF98 /* Release */ = {
			isa = XCBuildConfiguration;
			baseConfigurationReference = 8A96168B07DDED06DBB6F88C /* Pods-WXWLaunchAdvertisedAdd.release.xcconfig */;
			buildSettings = {
				ASSETCATALOG_COMPILER_APPICON_NAME = AppIcon;
				ASSETCATALOG_COMPILER_LAUNCHIMAGE_NAME = LaunchImage;
				CODE_SIGN_STYLE = Automatic;
				DEVELOPMENT_TEAM = Q7AEAPEXBN;
				INFOPLIST_FILE = WXWLaunchAdvertisedAdd/Info.plist;
				IPHONEOS_DEPLOYMENT_TARGET = 9.0;
				LD_RUNPATH_SEARCH_PATHS = (
					"$(inherited)",
					"@executable_path/Frameworks",
				);
				PRODUCT_BUNDLE_IDENTIFIER = com.wxw.LaunchAdvertiseAdd.WXWLaunchAdvertisedAdd;
				PRODUCT_NAME = "$(TARGET_NAME)";
				TARGETED_DEVICE_FAMILY = 1;
			};
			name = Release;
		};
		847C3DC821941281002DAF98 /* Debug */ = {
			isa = XCBuildConfiguration;
			buildSettings = {
				BUNDLE_LOADER = "$(TEST_HOST)";
				CODE_SIGN_STYLE = Automatic;
				DEVELOPMENT_TEAM = Q7AEAPEXBN;
				INFOPLIST_FILE = WXWLaunchAdvertisedAddTests/Info.plist;
				LD_RUNPATH_SEARCH_PATHS = (
					"$(inherited)",
					"@executable_path/Frameworks",
					"@loader_path/Frameworks",
				);
				PRODUCT_BUNDLE_IDENTIFIER = com.wxw.LaunchAdvertiseAdd.WXWLaunchAdvertisedAddTests;
				PRODUCT_NAME = "$(TARGET_NAME)";
				TARGETED_DEVICE_FAMILY = "1,2";
				TEST_HOST = "$(BUILT_PRODUCTS_DIR)/WXWLaunchAdvertisedAdd.app/WXWLaunchAdvertisedAdd";
			};
			name = Debug;
		};
		847C3DC921941281002DAF98 /* Release */ = {
			isa = XCBuildConfiguration;
			buildSettings = {
				BUNDLE_LOADER = "$(TEST_HOST)";
				CODE_SIGN_STYLE = Automatic;
				DEVELOPMENT_TEAM = Q7AEAPEXBN;
				INFOPLIST_FILE = WXWLaunchAdvertisedAddTests/Info.plist;
				LD_RUNPATH_SEARCH_PATHS = (
					"$(inherited)",
					"@executable_path/Frameworks",
					"@loader_path/Frameworks",
				);
				PRODUCT_BUNDLE_IDENTIFIER = com.wxw.LaunchAdvertiseAdd.WXWLaunchAdvertisedAddTests;
				PRODUCT_NAME = "$(TARGET_NAME)";
				TARGETED_DEVICE_FAMILY = "1,2";
				TEST_HOST = "$(BUILT_PRODUCTS_DIR)/WXWLaunchAdvertisedAdd.app/WXWLaunchAdvertisedAdd";
			};
			name = Release;
		};
		847C3DCB21941281002DAF98 /* Debug */ = {
			isa = XCBuildConfiguration;
			buildSettings = {
				CODE_SIGN_STYLE = Automatic;
				DEVELOPMENT_TEAM = Q7AEAPEXBN;
				INFOPLIST_FILE = WXWLaunchAdvertisedAddUITests/Info.plist;
				LD_RUNPATH_SEARCH_PATHS = (
					"$(inherited)",
					"@executable_path/Frameworks",
					"@loader_path/Frameworks",
				);
				PRODUCT_BUNDLE_IDENTIFIER = com.wxw.LaunchAdvertiseAdd.WXWLaunchAdvertisedAddUITests;
				PRODUCT_NAME = "$(TARGET_NAME)";
				TARGETED_DEVICE_FAMILY = "1,2";
				TEST_TARGET_NAME = WXWLaunchAdvertisedAdd;
			};
			name = Debug;
		};
		847C3DCC21941281002DAF98 /* Release */ = {
			isa = XCBuildConfiguration;
			buildSettings = {
				CODE_SIGN_STYLE = Automatic;
				DEVELOPMENT_TEAM = Q7AEAPEXBN;
				INFOPLIST_FILE = WXWLaunchAdvertisedAddUITests/Info.plist;
				LD_RUNPATH_SEARCH_PATHS = (
					"$(inherited)",
					"@executable_path/Frameworks",
					"@loader_path/Frameworks",
				);
				PRODUCT_BUNDLE_IDENTIFIER = com.wxw.LaunchAdvertiseAdd.WXWLaunchAdvertisedAddUITests;
				PRODUCT_NAME = "$(TARGET_NAME)";
				TARGETED_DEVICE_FAMILY = "1,2";
				TEST_TARGET_NAME = WXWLaunchAdvertisedAdd;
			};
			name = Release;
		};
/* End XCBuildConfiguration section */

/* Begin XCConfigurationList section */
		847C3D932194127C002DAF98 /* Build configuration list for PBXProject "WXWLaunchAdvertisedAdd" */ = {
			isa = XCConfigurationList;
			buildConfigurations = (
				847C3DC221941281002DAF98 /* Debug */,
				847C3DC321941281002DAF98 /* Release */,
			);
			defaultConfigurationIsVisible = 0;
			defaultConfigurationName = Release;
		};
		847C3DC421941281002DAF98 /* Build configuration list for PBXNativeTarget "WXWLaunchAdvertisedAdd" */ = {
			isa = XCConfigurationList;
			buildConfigurations = (
				847C3DC521941281002DAF98 /* Debug */,
				847C3DC621941281002DAF98 /* Release */,
			);
			defaultConfigurationIsVisible = 0;
			defaultConfigurationName = Release;
		};
		847C3DC721941281002DAF98 /* Build configuration list for PBXNativeTarget "WXWLaunchAdvertisedAddTests" */ = {
			isa = XCConfigurationList;
			buildConfigurations = (
				847C3DC821941281002DAF98 /* Debug */,
				847C3DC921941281002DAF98 /* Release */,
			);
			defaultConfigurationIsVisible = 0;
			defaultConfigurationName = Release;
		};
		847C3DCA21941281002DAF98 /* Build configuration list for PBXNativeTarget "WXWLaunchAdvertisedAddUITests" */ = {
			isa = XCConfigurationList;
			buildConfigurations = (
				847C3DCB21941281002DAF98 /* Debug */,
				847C3DCC21941281002DAF98 /* Release */,
			);
			defaultConfigurationIsVisible = 0;
			defaultConfigurationName = Release;
		};
/* End XCConfigurationList section */
	};
	rootObject = 847C3D902194127C002DAF98 /* Project object */;
}
