PODS:
  - FLAnimatedImage (1.0.12)
  - Masonry (1.1.0)
  - SDWebImage (4.4.2):
    - SDWebImage/Core (= 4.4.2)
  - SDWebImage/Core (4.4.2)
  - SDWebImage/GIF (4.4.2):
    - FLAnimatedImage (~> 1.0)
    - SDWebImage/Core

DEPENDENCIES:
  - Masonry
  - SDWebImage
  - SDWebImage/GIF

SPEC REPOS:
  https://github.com/cocoapods/specs.git:
    - FLAnimatedImage
    - Masonry
    - SDWebImage

SPEC CHECKSUMS:
  FLAnimatedImage: 4a0b56255d9b05f18b6dd7ee06871be5d3b89e31
  Masonry: 678fab65091a9290e40e2832a55e7ab731aad201
  SDWebImage: 624d6e296c69b244bcede364c72ae0430ac14681

PODFILE CHECKSUM: 8f4752ee8efeab72c3b41d7b27b6da36d40a1301

COCOAPODS: 1.5.3
